
Microsoft Visual Studio Solution File, Format Version 12.00
# Visual Studio 15
VisualStudioVersion = 15.0.27703.2035
MinimumVisualStudioVersion = 10.0.40219.1
Project("{FAE04EC0-301F-11D3-BF4B-00C04F79EFBC}") = "ShoppingCart", "ShoppingCart\ShoppingCart.csproj", "{FD0B62D2-1759-468F-8E5E-F1BB3C4BB5B8}"
EndProject
Global
	GlobalSection(SolutionConfigurationPlatforms) = preSolution
		Debug|Any CPU = Debug|Any CPU
		Release|Any CPU = Release|Any CPU
	EndGlobalSection
	GlobalSection(ProjectConfigurationPlatforms) = postSolution
		{FD0B62D2-1759-468F-8E5E-F1BB3C4BB5B8}.Debug|Any CPU.ActiveCfg = Debug|Any CPU
		{FD0B62D2-1759-468F-8E5E-F1BB3C4BB5B8}.Debug|Any CPU.Build.0 = Debug|Any CPU
		{FD0B62D2-1759-468F-8E5E-F1BB3C4BB5B8}.Release|Any CPU.ActiveCfg = Release|Any CPU
		{FD0B62D2-1759-468F-8E5E-F1BB3C4BB5B8}.Release|Any CPU.Build.0 = Release|Any CPU
	EndGlobalSection
	GlobalSection(SolutionProperties) = preSolution
		HideSolutionNode = FALSE
	EndGlobalSection
	GlobalSection(ExtensibilityGlobals) = postSolution
		SolutionGuid = {13C966F0-B0C6-4F6F-B41F-81C460CD7AF9}
	EndGlobalSection
EndGlobal
